
Microsoft Visual Studio Solution File, Format Version 12.00
# Visual Studio Version 17
VisualStudioVersion = 17.11.35312.102
MinimumVisualStudioVersion = 10.0.40219.1
Project("{2150E333-8FDC-42A3-9474-1A3956D46DE8}") = "src", "src", "{ABA0F11F-7161-4395-A534-3BC1B9381DE1}"
EndProject
Project("{2150E333-8FDC-42A3-9474-1A3956D46DE8}") = "tests", "tests", "{8874B873-9973-4604-9D56-7280C2CB360A}"
EndProject
Project("{2150E333-8FDC-42A3-9474-1A3956D46DE8}") = "Core", "Core", "{2B840761-BC71-48CB-8996-7013C9F461E8}"
EndProject
Project("{FAE04EC0-301F-11D3-BF4B-00C04F79EFBC}") = "UserService.Domain", "src\Core\UserService.Domain\UserService.Domain.csproj", "{E9016E3C-59DE-47BC-9D41-5AC8684D5D83}"
EndProject
Project("{FAE04EC0-301F-11D3-BF4B-00C04F79EFBC}") = "UserService.Application", "src\Core\UserService.Application\UserService.Application.csproj", "{6FA6A253-3161-402B-A1AB-7F84EEF3615D}"
EndProject
Project("{2150E333-8FDC-42A3-9474-1A3956D46DE8}") = "Infrastructure", "Infrastructure", "{38C7261D-F2ED-4D37-9C9D-010D7F48CE0C}"
EndProject
Project("{FAE04EC0-301F-11D3-BF4B-00C04F79EFBC}") = "UserService.Infrastructure", "src\Infrastructure\UserService.Infrastructure\UserService.Infrastructure.csproj", "{FD884069-6385-42FD-A6A3-C05AB799A50B}"
EndProject
Project("{FAE04EC0-301F-11D3-BF4B-00C04F79EFBC}") = "UserService.Persistence", "src\Infrastructure\UserService.Persistence\UserService.Persistence.csproj", "{28464A1A-36CB-43BD-978D-8E6190E535BD}"
EndProject
Project("{2150E333-8FDC-42A3-9474-1A3956D46DE8}") = "Presentation", "Presentation", "{DA7CCE46-11B1-4E8D-8AE5-ECDB9CF997F6}"
EndProject
Project("{FAE04EC0-301F-11D3-BF4B-00C04F79EFBC}") = "UserService.API", "src\Presentation\UserService.API\UserService.API.csproj", "{EBE7BD4F-7C03-4F13-84E5-D2C3F9C86136}"
EndProject
Global
	GlobalSection(SolutionConfigurationPlatforms) = preSolution
		Debug|Any CPU = Debug|Any CPU
		Release|Any CPU = Release|Any CPU
	EndGlobalSection
	GlobalSection(ProjectConfigurationPlatforms) = postSolution
		{E9016E3C-59DE-47BC-9D41-5AC8684D5D83}.Debug|Any CPU.ActiveCfg = Debug|Any CPU
		{E9016E3C-59DE-47BC-9D41-5AC8684D5D83}.Debug|Any CPU.Build.0 = Debug|Any CPU
		{E9016E3C-59DE-47BC-9D41-5AC8684D5D83}.Release|Any CPU.ActiveCfg = Release|Any CPU
		{E9016E3C-59DE-47BC-9D41-5AC8684D5D83}.Release|Any CPU.Build.0 = Release|Any CPU
		{6FA6A253-3161-402B-A1AB-7F84EEF3615D}.Debug|Any CPU.ActiveCfg = Debug|Any CPU
		{6FA6A253-3161-402B-A1AB-7F84EEF3615D}.Debug|Any CPU.Build.0 = Debug|Any CPU
		{6FA6A253-3161-402B-A1AB-7F84EEF3615D}.Release|Any CPU.ActiveCfg = Release|Any CPU
		{6FA6A253-3161-402B-A1AB-7F84EEF3615D}.Release|Any CPU.Build.0 = Release|Any CPU
		{FD884069-6385-42FD-A6A3-C05AB799A50B}.Debug|Any CPU.ActiveCfg = Debug|Any CPU
		{FD884069-6385-42FD-A6A3-C05AB799A50B}.Debug|Any CPU.Build.0 = Debug|Any CPU
		{FD884069-6385-42FD-A6A3-C05AB799A50B}.Release|Any CPU.ActiveCfg = Release|Any CPU
		{FD884069-6385-42FD-A6A3-C05AB799A50B}.Release|Any CPU.Build.0 = Release|Any CPU
		{28464A1A-36CB-43BD-978D-8E6190E535BD}.Debug|Any CPU.ActiveCfg = Debug|Any CPU
		{28464A1A-36CB-43BD-978D-8E6190E535BD}.Debug|Any CPU.Build.0 = Debug|Any CPU
		{28464A1A-36CB-43BD-978D-8E6190E535BD}.Release|Any CPU.ActiveCfg = Release|Any CPU
		{28464A1A-36CB-43BD-978D-8E6190E535BD}.Release|Any CPU.Build.0 = Release|Any CPU
		{EBE7BD4F-7C03-4F13-84E5-D2C3F9C86136}.Debug|Any CPU.ActiveCfg = Debug|Any CPU
		{EBE7BD4F-7C03-4F13-84E5-D2C3F9C86136}.Debug|Any CPU.Build.0 = Debug|Any CPU
		{EBE7BD4F-7C03-4F13-84E5-D2C3F9C86136}.Release|Any CPU.ActiveCfg = Release|Any CPU
		{EBE7BD4F-7C03-4F13-84E5-D2C3F9C86136}.Release|Any CPU.Build.0 = Release|Any CPU
	EndGlobalSection
	GlobalSection(SolutionProperties) = preSolution
		HideSolutionNode = FALSE
	EndGlobalSection
	GlobalSection(NestedProjects) = preSolution
		{2B840761-BC71-48CB-8996-7013C9F461E8} = {ABA0F11F-7161-4395-A534-3BC1B9381DE1}
		{E9016E3C-59DE-47BC-9D41-5AC8684D5D83} = {2B840761-BC71-48CB-8996-7013C9F461E8}
		{6FA6A253-3161-402B-A1AB-7F84EEF3615D} = {2B840761-BC71-48CB-8996-7013C9F461E8}
		{38C7261D-F2ED-4D37-9C9D-010D7F48CE0C} = {ABA0F11F-7161-4395-A534-3BC1B9381DE1}
		{FD884069-6385-42FD-A6A3-C05AB799A50B} = {38C7261D-F2ED-4D37-9C9D-010D7F48CE0C}
		{28464A1A-36CB-43BD-978D-8E6190E535BD} = {38C7261D-F2ED-4D37-9C9D-010D7F48CE0C}
		{DA7CCE46-11B1-4E8D-8AE5-ECDB9CF997F6} = {ABA0F11F-7161-4395-A534-3BC1B9381DE1}
		{EBE7BD4F-7C03-4F13-84E5-D2C3F9C86136} = {DA7CCE46-11B1-4E8D-8AE5-ECDB9CF997F6}
	EndGlobalSection
	GlobalSection(ExtensibilityGlobals) = postSolution
		SolutionGuid = {E85AD78D-54F8-4557-BA54-26AE52B0C7DD}
	EndGlobalSection
EndGlobal
